
Microsoft Visual Studio Solution File, Format Version 12.00
# Visual Studio Version 17
VisualStudioVersion = 17.14.36109.1 d17.14
MinimumVisualStudioVersion = 10.0.40219.1
Project("{FAE04EC0-301F-11D3-BF4B-00C04F79EFBC}") = "Labels", "Labels\Labels.csproj", "{06F157DE-D371-4F9C-B47B-E6A607B2A084}"
EndProject
Global
	GlobalSection(SolutionConfigurationPlatforms) = preSolution
		Debug|Any CPU = Debug|Any CPU
		Release|Any CPU = Release|Any CPU
	EndGlobalSection
	GlobalSection(ProjectConfigurationPlatforms) = postSolution
		{06F157DE-D371-4F9C-B47B-E6A607B2A084}.Debug|Any CPU.ActiveCfg = Debug|Any CPU
		{06F157DE-D371-4F9C-B47B-E6A607B2A084}.Debug|Any CPU.Build.0 = Debug|Any CPU
		{06F157DE-D371-4F9C-B47B-E6A607B2A084}.Release|Any CPU.ActiveCfg = Release|Any CPU
		{06F157DE-D371-4F9C-B47B-E6A607B2A084}.Release|Any CPU.Build.0 = Release|Any CPU
	EndGlobalSection
	GlobalSection(SolutionProperties) = preSolution
		HideSolutionNode = FALSE
	EndGlobalSection
	GlobalSection(ExtensibilityGlobals) = postSolution
		SolutionGuid = {815F7C13-3750-40BE-B3E3-D38FC3EA8366}
	EndGlobalSection
EndGlobal
